
Microsoft Visual Studio Solution File, Format Version 12.00
# Visual Studio Version 17
VisualStudioVersion = 17.10.35027.167
MinimumVisualStudioVersion = 10.0.40219.1
Project("{FAE04EC0-301F-11D3-BF4B-00C04F79EFBC}") = "API", "API\API.csproj", "{0B017150-9980-43FD-B3F9-D2E7DE71DA89}"
EndProject
Global
	GlobalSection(SolutionConfigurationPlatforms) = preSolution
		Debug|Any CPU = Debug|Any CPU
		Release|Any CPU = Release|Any CPU
	EndGlobalSection
	GlobalSection(ProjectConfigurationPlatforms) = postSolution
		{0B017150-9980-43FD-B3F9-D2E7DE71DA89}.Debug|Any CPU.ActiveCfg = Debug|Any CPU
		{0B017150-9980-43FD-B3F9-D2E7DE71DA89}.Debug|Any CPU.Build.0 = Debug|Any CPU
		{0B017150-9980-43FD-B3F9-D2E7DE71DA89}.Release|Any CPU.ActiveCfg = Release|Any CPU
		{0B017150-9980-43FD-B3F9-D2E7DE71DA89}.Release|Any CPU.Build.0 = Release|Any CPU
	EndGlobalSection
	GlobalSection(SolutionProperties) = preSolution
		HideSolutionNode = FALSE
	EndGlobalSection
	GlobalSection(ExtensibilityGlobals) = postSolution
		SolutionGuid = {088F2FEB-890F-4786-A38A-8E7569060457}
	EndGlobalSection
EndGlobal
